// !$*UTF8*$!
{
	archiveVersion = 1;
	classes = {
	};
	objectVersion = 50;
	objects = {

/* Begin PBXBuildFile section */
		7E9B42EDD77E1044019E70B6 /* libPods-DCAdMobBannerSample.a in Frameworks */ = {isa = PBXBuildFile; fileRef = C95E0029BEB2F766E6F1EF44 /* libPods-DCAdMobBannerSample.a */; };
		C235E8CB24B6EC0600E8FBCF /* DCAdMobBanner.m in Sources */ = {isa = PBXBuildFile; fileRef = C235E8CA24B6EC0600E8FBCF /* DCAdMobBanner.m */; };
		C2C386DA24B6EA6900318742 /* AppDelegate.m in Sources */ = {isa = PBXBuildFile; fileRef = C2C386D924B6EA6900318742 /* AppDelegate.m */; };
		C2C386DD24B6EA6900318742 /* SceneDelegate.m in Sources */ = {isa = PBXBuildFile; fileRef = C2C386DC24B6EA6900318742 /* SceneDelegate.m */; };
		C2C386E024B6EA6900318742 /* ViewController.m in Sources */ = {isa = PBXBuildFile; fileRef = C2C386DF24B6EA6900318742 /* ViewController.m */; };
		C2C386E324B6EA6900318742 /* Main.storyboard in Resources */ = {isa = PBXBuildFile; fileRef = C2C386E124B6EA6900318742 /* Main.storyboard */; };
		C2C386E524B6EA6A00318742 /* Assets.xcassets in Resources */ = {isa = PBXBuildFile; fileRef = C2C386E424B6EA6A00318742 /* Assets.xcassets */; };
		C2C386E824B6EA6A00318742 /* LaunchScreen.storyboard in Resources */ = {isa = PBXBuildFile; fileRef = C2C386E624B6EA6A00318742 /* LaunchScreen.storyboard */; };
		C2C386EB24B6EA6A00318742 /* main.m in Sources */ = {isa = PBXBuildFile; fileRef = C2C386EA24B6EA6A00318742 /* main.m */; };
/* End PBXBuildFile section */

/* Begin PBXFileReference section */
		2CF9F302D6A9997B12928E65 /* Pods-DCAdMobBannerSample.release.xcconfig */ = {isa = PBXFileReference; includeInIndex = 1; lastKnownFileType = text.xcconfig; name = "Pods-DCAdMobBannerSample.release.xcconfig"; path = "Target Support Files/Pods-DCAdMobBannerSample/Pods-DCAdMobBannerSample.release.xcconfig"; sourceTree = "<group>"; };
		556B88E36464AA1977ADF792 /* Pods-DCAdMobBannerSample.debug.xcconfig */ = {isa = PBXFileReference; includeInIndex = 1; lastKnownFileType = text.xcconfig; name = "Pods-DCAdMobBannerSample.debug.xcconfig"; path = "Target Support Files/Pods-DCAdMobBannerSample/Pods-DCAdMobBannerSample.debug.xcconfig"; sourceTree = "<group>"; };
		C235E8C724B6EB2900E8FBCF /* DefineManager.h */ = {isa = PBXFileReference; lastKnownFileType = sourcecode.c.h; path = DefineManager.h; sourceTree = "<group>"; };
		C235E8C924B6EC0600E8FBCF /* DCAdMobBanner.h */ = {isa = PBXFileReference; fileEncoding = 4; lastKnownFileType = sourcecode.c.h; path = DCAdMobBanner.h; sourceTree = "<group>"; };
		C235E8CA24B6EC0600E8FBCF /* DCAdMobBanner.m */ = {isa = PBXFileReference; fileEncoding = 4; lastKnownFileType = sourcecode.c.objc; path = DCAdMobBanner.m; sourceTree = "<group>"; };
		C2C386D524B6EA6900318742 /* DCAdMobBannerSample.app */ = {isa = PBXFileReference; explicitFileType = wrapper.application; includeInIndex = 0; path = DCAdMobBannerSample.app; sourceTree = BUILT_PRODUCTS_DIR; };
		C2C386D824B6EA6900318742 /* AppDelegate.h */ = {isa = PBXFileReference; lastKnownFileType = sourcecode.c.h; path = AppDelegate.h; sourceTree = "<group>"; };
		C2C386D924B6EA6900318742 /* AppDelegate.m */ = {isa = PBXFileReference; lastKnownFileType = sourcecode.c.objc; path = AppDelegate.m; sourceTree = "<group>"; };
		C2C386DB24B6EA6900318742 /* SceneDelegate.h */ = {isa = PBXFileReference; lastKnownFileType = sourcecode.c.h; path = SceneDelegate.h; sourceTree = "<group>"; };
		C2C386DC24B6EA6900318742 /* SceneDelegate.m */ = {isa = PBXFileReference; lastKnownFileType = sourcecode.c.objc; path = SceneDelegate.m; sourceTree = "<group>"; };
		C2C386DE24B6EA6900318742 /* ViewController.h */ = {isa = PBXFileReference; lastKnownFileType = sourcecode.c.h; path = ViewController.h; sourceTree = "<group>"; };
		C2C386DF24B6EA6900318742 /* ViewController.m */ = {isa = PBXFileReference; lastKnownFileType = sourcecode.c.objc; path = ViewController.m; sourceTree = "<group>"; };
		C2C386E224B6EA6900318742 /* Base */ = {isa = PBXFileReference; lastKnownFileType = file.storyboard; name = Base; path = Base.lproj/Main.storyboard; sourceTree = "<group>"; };
		C2C386E424B6EA6A00318742 /* Assets.xcassets */ = {isa = PBXFileReference; lastKnownFileType = folder.assetcatalog; path = Assets.xcassets; sourceTree = "<group>"; };
		C2C386E724B6EA6A00318742 /* Base */ = {isa = PBXFileReference; lastKnownFileType = file.storyboard; name = Base; path = Base.lproj/LaunchScreen.storyboard; sourceTree = "<group>"; };
		C2C386E924B6EA6A00318742 /* Info.plist */ = {isa = PBXFileReference; lastKnownFileType = text.plist.xml; path = Info.plist; sourceTree = "<group>"; };
		C2C386EA24B6EA6A00318742 /* main.m */ = {isa = PBXFileReference; lastKnownFileType = sourcecode.c.objc; path = main.m; sourceTree = "<group>"; };
		C95E0029BEB2F766E6F1EF44 /* libPods-DCAdMobBannerSample.a */ = {isa = PBXFileReference; explicitFileType = archive.ar; includeInIndex = 0; path = "libPods-DCAdMobBannerSample.a"; sourceTree = BUILT_PRODUCTS_DIR; };
/* End PBXFileReference section */

/* Begin PBXFrameworksBuildPhase section */
		C2C386D224B6EA6900318742 /* Frameworks */ = {
			isa = PBXFrameworksBuildPhase;
			buildActionMask = 2147483647;
			files = (
				7E9B42EDD77E1044019E70B6 /* libPods-DCAdMobBannerSample.a in Frameworks */,
			);
			runOnlyForDeploymentPostprocessing = 0;
		};
/* End PBXFrameworksBuildPhase section */

/* Begin PBXGroup section */
		8550A86B38F3F1221604E12C /* Pods */ = {
			isa = PBXGroup;
			children = (
				556B88E36464AA1977ADF792 /* Pods-DCAdMobBannerSample.debug.xcconfig */,
				2CF9F302D6A9997B12928E65 /* Pods-DCAdMobBannerSample.release.xcconfig */,
			);
			path = Pods;
			sourceTree = "<group>";
		};
		A13A60F3E0E9D137E94C3B15 /* Frameworks */ = {
			isa = PBXGroup;
			children = (
				C95E0029BEB2F766E6F1EF44 /* libPods-DCAdMobBannerSample.a */,
			);
			name = Frameworks;
			sourceTree = "<group>";
		};
		C235E8C824B6EBF400E8FBCF /* DCAdMobBanner */ = {
			isa = PBXGroup;
			children = (
				C235E8C924B6EC0600E8FBCF /* DCAdMobBanner.h */,
				C235E8CA24B6EC0600E8FBCF /* DCAdMobBanner.m */,
			);
			path = DCAdMobBanner;
			sourceTree = "<group>";
		};
		C2C386CC24B6EA6900318742 = {
			isa = PBXGroup;
			children = (
				C2C386D724B6EA6900318742 /* DCAdMobBannerSample */,
				C2C386D624B6EA6900318742 /* Products */,
				8550A86B38F3F1221604E12C /* Pods */,
				A13A60F3E0E9D137E94C3B15 /* Frameworks */,
			);
			sourceTree = "<group>";
		};
		C2C386D624B6EA6900318742 /* Products */ = {
			isa = PBXGroup;
			children = (
				C2C386D524B6EA6900318742 /* DCAdMobBannerSample.app */,
			);
			name = Products;
			sourceTree = "<group>";
		};
		C2C386D724B6EA6900318742 /* DCAdMobBannerSample */ = {
			isa = PBXGroup;
			children = (
				C235E8C824B6EBF400E8FBCF /* DCAdMobBanner */,
				C235E8C724B6EB2900E8FBCF /* DefineManager.h */,
				C2C386D824B6EA6900318742 /* AppDelegate.h */,
				C2C386D924B6EA6900318742 /* AppDelegate.m */,
				C2C386DB24B6EA6900318742 /* SceneDelegate.h */,
				C2C386DC24B6EA6900318742 /* SceneDelegate.m */,
				C2C386DE24B6EA6900318742 /* ViewController.h */,
				C2C386DF24B6EA6900318742 /* ViewController.m */,
				C2C386E124B6EA6900318742 /* Main.storyboard */,
				C2C386E424B6EA6A00318742 /* Assets.xcassets */,
				C2C386E624B6EA6A00318742 /* LaunchScreen.storyboard */,
				C2C386E924B6EA6A00318742 /* Info.plist */,
				C2C386EA24B6EA6A00318742 /* main.m */,
			);
			path = DCAdMobBannerSample;
			sourceTree = "<group>";
		};
/* End PBXGroup section */

/* Begin PBXNativeTarget section */
		C2C386D424B6EA6900318742 /* DCAdMobBannerSample */ = {
			isa = PBXNativeTarget;
			buildConfigurationList = C2C386EE24B6EA6A00318742 /* Build configuration list for PBXNativeTarget "DCAdMobBannerSample" */;
			buildPhases = (
				5F9C0118307E444521D01924 /* [CP] Check Pods Manifest.lock */,
				C2C386D124B6EA6900318742 /* Sources */,
				C2C386D224B6EA6900318742 /* Frameworks */,
				C2C386D324B6EA6900318742 /* Resources */,
			);
			buildRules = (
			);
			dependencies = (
			);
			name = DCAdMobBannerSample;
			productName = DCAdMobBannerSample;
			productReference = C2C386D524B6EA6900318742 /* DCAdMobBannerSample.app */;
			productType = "com.apple.product-type.application";
		};
/* End PBXNativeTarget section */

/* Begin PBXProject section */
		C2C386CD24B6EA6900318742 /* Project object */ = {
			isa = PBXProject;
			attributes = {
				LastUpgradeCheck = 1150;
				ORGANIZATIONNAME = Dolice;
				TargetAttributes = {
					C2C386D424B6EA6900318742 = {
						CreatedOnToolsVersion = 11.5;
					};
				};
			};
			buildConfigurationList = C2C386D024B6EA6900318742 /* Build configuration list for PBXProject "DCAdMobBannerSample" */;
			compatibilityVersion = "Xcode 9.3";
			developmentRegion = en;
			hasScannedForEncodings = 0;
			knownRegions = (
				en,
				Base,
			);
			mainGroup = C2C386CC24B6EA6900318742;
			productRefGroup = C2C386D624B6EA6900318742 /* Products */;
			projectDirPath = "";
			projectRoot = "";
			targets = (
				C2C386D424B6EA6900318742 /* DCAdMobBannerSample */,
			);
		};
/* End PBXProject section */

/* Begin PBXResourcesBuildPhase section */
		C2C386D324B6EA6900318742 /* Resources */ = {
			isa = PBXResourcesBuildPhase;
			buildActionMask = 2147483647;
			files = (
				C2C386E824B6EA6A00318742 /* LaunchScreen.storyboard in Resources */,
				C2C386E524B6EA6A00318742 /* Assets.xcassets in Resources */,
				C2C386E324B6EA6900318742 /* Main.storyboard in Resources */,
			);
			runOnlyForDeploymentPostprocessing = 0;
		};
/* End PBXResourcesBuildPhase section */

/* Begin PBXShellScriptBuildPhase section */
		5F9C0118307E444521D01924 /* [CP] Check Pods Manifest.lock */ = {
			isa = PBXShellScriptBuildPhase;
			buildActionMask = 2147483647;
			files = (
			);
			inputFileListPaths = (
			);
			inputPaths = (
				"${PODS_PODFILE_DIR_PATH}/Podfile.lock",
				"${PODS_ROOT}/Manifest.lock",
			);
			name = "[CP] Check Pods Manifest.lock";
			outputFileListPaths = (
			);
			outputPaths = (
				"$(DERIVED_FILE_DIR)/Pods-DCAdMobBannerSample-checkManifestLockResult.txt",
			);
			runOnlyForDeploymentPostprocessing = 0;
			shellPath = /bin/sh;
			shellScript = "diff \"${PODS_PODFILE_DIR_PATH}/Podfile.lock\" \"${PODS_ROOT}/Manifest.lock\" > /dev/null\nif [ $? != 0 ] ; then\n    # print error to STDERR\n    echo \"error: The sandbox is not in sync with the Podfile.lock. Run 'pod install' or update your CocoaPods installation.\" >&2\n    exit 1\nfi\n# This output is used by Xcode 'outputs' to avoid re-running this script phase.\necho \"SUCCESS\" > \"${SCRIPT_OUTPUT_FILE_0}\"\n";
			showEnvVarsInLog = 0;
		};
/* End PBXShellScriptBuildPhase section */

/* Begin PBXSourcesBuildPhase section */
		C2C386D124B6EA6900318742 /* Sources */ = {
			isa = PBXSourcesBuildPhase;
			buildActionMask = 2147483647;
			files = (
				C2C386E024B6EA6900318742 /* ViewController.m in Sources */,
				C2C386DA24B6EA6900318742 /* AppDelegate.m in Sources */,
				C235E8CB24B6EC0600E8FBCF /* DCAdMobBanner.m in Sources */,
				C2C386EB24B6EA6A00318742 /* main.m in Sources */,
				C2C386DD24B6EA6900318742 /* SceneDelegate.m in Sources */,
			);
			runOnlyForDeploymentPostprocessing = 0;
		};
/* End PBXSourcesBuildPhase section */

/* Begin PBXVariantGroup section */
		C2C386E124B6EA6900318742 /* Main.storyboard */ = {
			isa = PBXVariantGroup;
			children = (
				C2C386E224B6EA6900318742 /* Base */,
			);
			name = Main.storyboard;
			sourceTree = "<group>";
		};
		C2C386E624B6EA6A00318742 /* LaunchScreen.storyboard */ = {
			isa = PBXVariantGroup;
			children = (
				C2C386E724B6EA6A00318742 /* Base */,
			);
			name = LaunchScreen.storyboard;
			sourceTree = "<group>";
		};
/* End PBXVariantGroup section */

/* Begin XCBuildConfiguration section */
		C2C386EC24B6EA6A00318742 /* Debug */ = {
			isa = XCBuildConfiguration;
			buildSettings = {
				ALWAYS_SEARCH_USER_PATHS = NO;
				CLANG_ANALYZER_NONNULL = YES;
				CLANG_ANALYZER_NUMBER_OBJECT_CONVERSION = YES_AGGRESSIVE;
				CLANG_CXX_LANGUAGE_STANDARD = "gnu++14";
				CLANG_CXX_LIBRARY = "libc++";
				CLANG_ENABLE_MODULES = YES;
				CLANG_ENABLE_OBJC_ARC = YES;
				CLANG_ENABLE_OBJC_WEAK = YES;
				CLANG_WARN_BLOCK_CAPTURE_AUTORELEASING = YES;
				CLANG_WARN_BOOL_CONVERSION = YES;
				CLANG_WARN_COMMA = YES;
				CLANG_WARN_CONSTANT_CONVERSION = YES;
				CLANG_WARN_DEPRECATED_OBJC_IMPLEMENTATIONS = YES;
				CLANG_WARN_DIRECT_OBJC_ISA_USAGE = YES_ERROR;
				CLANG_WARN_DOCUMENTATION_COMMENTS = YES;
				CLANG_WARN_EMPTY_BODY = YES;
				CLANG_WARN_ENUM_CONVERSION = YES;
				CLANG_WARN_INFINITE_RECURSION = YES;
				CLANG_WARN_INT_CONVERSION = YES;
				CLANG_WARN_NON_LITERAL_NULL_CONVERSION = YES;
				CLANG_WARN_OBJC_IMPLICIT_RETAIN_SELF = YES;
				CLANG_WARN_OBJC_LITERAL_CONVERSION = YES;
				CLANG_WARN_OBJC_ROOT_CLASS = YES_ERROR;
				CLANG_WARN_RANGE_LOOP_ANALYSIS = YES;
				CLANG_WARN_STRICT_PROTOTYPES = YES;
				CLANG_WARN_SUSPICIOUS_MOVE = YES;
				CLANG_WARN_UNGUARDED_AVAILABILITY = YES_AGGRESSIVE;
				CLANG_WARN_UNREACHABLE_CODE = YES;
				CLANG_WARN__DUPLICATE_METHOD_MATCH = YES;
				COPY_PHASE_STRIP = NO;
				DEBUG_INFORMATION_FORMAT = dwarf;
				ENABLE_STRICT_OBJC_MSGSEND = YES;
				ENABLE_TESTABILITY = YES;
				GCC_C_LANGUAGE_STANDARD = gnu11;
				GCC_DYNAMIC_NO_PIC = NO;
				GCC_NO_COMMON_BLOCKS = YES;
				GCC_OPTIMIZATION_LEVEL = 0;
				GCC_PREPROCESSOR_DEFINITIONS = (
					"DEBUG=1",
					"$(inherited)",
				);
				GCC_WARN_64_TO_32_BIT_CONVERSION = YES;
				GCC_WARN_ABOUT_RETURN_TYPE = YES_ERROR;
				GCC_WARN_UNDECLARED_SELECTOR = YES;
				GCC_WARN_UNINITIALIZED_AUTOS = YES_AGGRESSIVE;
				GCC_WARN_UNUSED_FUNCTION = YES;
				GCC_WARN_UNUSED_VARIABLE = YES;
				IPHONEOS_DEPLOYMENT_TARGET = 10.0;
				MTL_ENABLE_DEBUG_INFO = INCLUDE_SOURCE;
				MTL_FAST_MATH = YES;
				ONLY_ACTIVE_ARCH = YES;
				SDKROOT = iphoneos;
			};
			name = Debug;
		};
		C2C386ED24B6EA6A00318742 /* Release */ = {
			isa = XCBuildConfiguration;
			buildSettings = {
				ALWAYS_SEARCH_USER_PATHS = NO;
				CLANG_ANALYZER_NONNULL = YES;
				CLANG_ANALYZER_NUMBER_OBJECT_CONVERSION = YES_AGGRESSIVE;
				CLANG_CXX_LANGUAGE_STANDARD = "gnu++14";
				CLANG_CXX_LIBRARY = "libc++";
				CLANG_ENABLE_MODULES = YES;
				CLANG_ENABLE_OBJC_ARC = YES;
				CLANG_ENABLE_OBJC_WEAK = YES;
				CLANG_WARN_BLOCK_CAPTURE_AUTORELEASING = YES;
				CLANG_WARN_BOOL_CONVERSION = YES;
				CLANG_WARN_COMMA = YES;
				CLANG_WARN_CONSTANT_CONVERSION = YES;
				CLANG_WARN_DEPRECATED_OBJC_IMPLEMENTATIONS = YES;
				CLANG_WARN_DIRECT_OBJC_ISA_USAGE = YES_ERROR;
				CLANG_WARN_DOCUMENTATION_COMMENTS = YES;
				CLANG_WARN_EMPTY_BODY = YES;
				CLANG_WARN_ENUM_CONVERSION = YES;
				CLANG_WARN_INFINITE_RECURSION = YES;
				CLANG_WARN_INT_CONVERSION = YES;
				CLANG_WARN_NON_LITERAL_NULL_CONVERSION = YES;
				CLANG_WARN_OBJC_IMPLICIT_RETAIN_SELF = YES;
				CLANG_WARN_OBJC_LITERAL_CONVERSION = YES;
				CLANG_WARN_OBJC_ROOT_CLASS = YES_ERROR;
				CLANG_WARN_RANGE_LOOP_ANALYSIS = YES;
				CLANG_WARN_STRICT_PROTOTYPES = YES;
				CLANG_WARN_SUSPICIOUS_MOVE = YES;
				CLANG_WARN_UNGUARDED_AVAILABILITY = YES_AGGRESSIVE;
				CLANG_WARN_UNREACHABLE_CODE = YES;
				CLANG_WARN__DUPLICATE_METHOD_MATCH = YES;
				COPY_PHASE_STRIP = NO;
				DEBUG_INFORMATION_FORMAT = "dwarf-with-dsym";
				ENABLE_NS_ASSERTIONS = NO;
				ENABLE_STRICT_OBJC_MSGSEND = YES;
				GCC_C_LANGUAGE_STANDARD = gnu11;
				GCC_NO_COMMON_BLOCKS = YES;
				GCC_WARN_64_TO_32_BIT_CONVERSION = YES;
				GCC_WARN_ABOUT_RETURN_TYPE = YES_ERROR;
				GCC_WARN_UNDECLARED_SELECTOR = YES;
				GCC_WARN_UNINITIALIZED_AUTOS = YES_AGGRESSIVE;
				GCC_WARN_UNUSED_FUNCTION = YES;
				GCC_WARN_UNUSED_VARIABLE = YES;
				IPHONEOS_DEPLOYMENT_TARGET = 10.0;
				MTL_ENABLE_DEBUG_INFO = NO;
				MTL_FAST_MATH = YES;
				SDKROOT = iphoneos;
				VALIDATE_PRODUCT = YES;
			};
			name = Release;
		};
		C2C386EF24B6EA6A00318742 /* Debug */ = {
			isa = XCBuildConfiguration;
			baseConfigurationReference = 556B88E36464AA1977ADF792 /* Pods-DCAdMobBannerSample.debug.xcconfig */;
			buildSettings = {
				ASSETCATALOG_COMPILER_APPICON_NAME = AppIcon;
				CODE_SIGN_STYLE = Automatic;
				DEVELOPMENT_TEAM = TD8Q9D9623;
				INFOPLIST_FILE = DCAdMobBannerSample/Info.plist;
				LD_RUNPATH_SEARCH_PATHS = (
					"$(inherited)",
					"@executable_path/Frameworks",
				);
				MARKETING_VERSION = 1.0.0;
				PRODUCT_BUNDLE_IDENTIFIER = net.dolice.DCAdMobBannerSample;
				PRODUCT_NAME = "$(TARGET_NAME)";
				TARGETED_DEVICE_FAMILY = 1;
			};
			name = Debug;
		};
		C2C386F024B6EA6A00318742 /* Release */ = {
			isa = XCBuildConfiguration;
			baseConfigurationReference = 2CF9F302D6A9997B12928E65 /* Pods-DCAdMobBannerSample.release.xcconfig */;
			buildSettings = {
				ASSETCATALOG_COMPILER_APPICON_NAME = AppIcon;
				CODE_SIGN_STYLE = Automatic;
				DEVELOPMENT_TEAM = TD8Q9D9623;
				INFOPLIST_FILE = DCAdMobBannerSample/Info.plist;
				LD_RUNPATH_SEARCH_PATHS = (
					"$(inherited)",
					"@executable_path/Frameworks",
				);
				MARKETING_VERSION = 1.0.0;
				PRODUCT_BUNDLE_IDENTIFIER = net.dolice.DCAdMobBannerSample;
				PRODUCT_NAME = "$(TARGET_NAME)";
				TARGETED_DEVICE_FAMILY = 1;
			};
			name = Release;
		};
/* End XCBuildConfiguration section */

/* Begin XCConfigurationList section */
		C2C386D024B6EA6900318742 /* Build configuration list for PBXProject "DCAdMobBannerSample" */ = {
			isa = XCConfigurationList;
			buildConfigurations = (
				C2C386EC24B6EA6A00318742 /* Debug */,
				C2C386ED24B6EA6A00318742 /* Release */,
			);
			defaultConfigurationIsVisible = 0;
			defaultConfigurationName = Release;
		};
		C2C386EE24B6EA6A00318742 /* Build configuration list for PBXNativeTarget "DCAdMobBannerSample" */ = {
			isa = XCConfigurationList;
			buildConfigurations = (
				C2C386EF24B6EA6A00318742 /* Debug */,
				C2C386F024B6EA6A00318742 /* Release */,
			);
			defaultConfigurationIsVisible = 0;
			defaultConfigurationName = Release;
		};
/* End XCConfigurationList section */
	};
	rootObject = C2C386CD24B6EA6900318742 /* Project object */;
}
